
Microsoft Visual Studio Solution File, Format Version 12.00
# Visual Studio Version 17
VisualStudioVersion = 17.12.35527.113
MinimumVisualStudioVersion = 10.0.40219.1
Project("{9A19103F-16F7-4668-BE54-9A1E7A4F7556}") = "SchoolManagementSystem", "SchoolManagementSystem.csproj", "{92FEDC2D-2755-46BE-A895-46F664EC103E}"
EndProject
Project("{9A19103F-16F7-4668-BE54-9A1E7A4F7556}") = "SchoolManagementSystem.IntegrationTests", "..\SchoolManagementSystem.IntegrationTests\SchoolManagementSystem.IntegrationTests.csproj", "{CC58A2A9-1689-4DF3-840A-035B0866CBAF}"
EndProject
Project("{9A19103F-16F7-4668-BE54-9A1E7A4F7556}") = "SchoolManagementSystem.Tests", "..\SchoolManagementSystem.Tests\SchoolManagementSystem.Tests\SchoolManagementSystem.Tests.csproj", "{6E25A4D6-EFBE-4F01-8FA0-868F5EE3884A}"
EndProject
Global
	GlobalSection(SolutionConfigurationPlatforms) = preSolution
		Debug|Any CPU = Debug|Any CPU
		Release|Any CPU = Release|Any CPU
	EndGlobalSection
	GlobalSection(ProjectConfigurationPlatforms) = postSolution
		{92FEDC2D-2755-46BE-A895-46F664EC103E}.Debug|Any CPU.ActiveCfg = Debug|Any CPU
		{92FEDC2D-2755-46BE-A895-46F664EC103E}.Debug|Any CPU.Build.0 = Debug|Any CPU
		{92FEDC2D-2755-46BE-A895-46F664EC103E}.Release|Any CPU.ActiveCfg = Release|Any CPU
		{92FEDC2D-2755-46BE-A895-46F664EC103E}.Release|Any CPU.Build.0 = Release|Any CPU
		{CC58A2A9-1689-4DF3-840A-035B0866CBAF}.Debug|Any CPU.ActiveCfg = Debug|Any CPU
		{CC58A2A9-1689-4DF3-840A-035B0866CBAF}.Debug|Any CPU.Build.0 = Debug|Any CPU
		{CC58A2A9-1689-4DF3-840A-035B0866CBAF}.Release|Any CPU.ActiveCfg = Release|Any CPU
		{CC58A2A9-1689-4DF3-840A-035B0866CBAF}.Release|Any CPU.Build.0 = Release|Any CPU
		{6E25A4D6-EFBE-4F01-8FA0-868F5EE3884A}.Debug|Any CPU.ActiveCfg = Debug|Any CPU
		{6E25A4D6-EFBE-4F01-8FA0-868F5EE3884A}.Debug|Any CPU.Build.0 = Debug|Any CPU
		{6E25A4D6-EFBE-4F01-8FA0-868F5EE3884A}.Release|Any CPU.ActiveCfg = Release|Any CPU
		{6E25A4D6-EFBE-4F01-8FA0-868F5EE3884A}.Release|Any CPU.Build.0 = Release|Any CPU
	EndGlobalSection
	GlobalSection(SolutionProperties) = preSolution
		HideSolutionNode = FALSE
	EndGlobalSection
EndGlobal
