
Microsoft Visual Studio Solution File, Format Version 12.00
# Visual Studio Version 17
VisualStudioVersion = 17.8.34511.84
MinimumVisualStudioVersion = 10.0.40219.1
Project("{9A19103F-16F7-4668-BE54-9A1E7A4F7556}") = "SchoolManagementSystem.Tests", "SchoolManagementSystem.Tests\SchoolManagementSystem.Tests.csproj", "{078CD9FA-485B-4152-9C87-296636DF3716}"
EndProject
Project("{9A19103F-16F7-4668-BE54-9A1E7A4F7556}") = "SchoolManagementSystem", "..\..\SchoolManagementSystem\SchoolManagementSystem.csproj", "{A813A963-EAD3-49A0-9483-0CD503E2B89B}"
EndProject
Project("{FAE04EC0-301F-11D3-BF4B-00C04F79EFBC}") = "SchoolManagementSystem.IntegrationTests", "..\SchoolManagementSystem.IntegrationTests\SchoolManagementSystem.IntegrationTests.csproj", "{F5A95F9D-C6F1-4C14-B805-58E2B40DE93A}"
EndProject
Global
	GlobalSection(SolutionConfigurationPlatforms) = preSolution
		Debug|Any CPU = Debug|Any CPU
		Release|Any CPU = Release|Any CPU
	EndGlobalSection
	GlobalSection(ProjectConfigurationPlatforms) = postSolution
		{078CD9FA-485B-4152-9C87-296636DF3716}.Debug|Any CPU.ActiveCfg = Debug|Any CPU
		{078CD9FA-485B-4152-9C87-296636DF3716}.Debug|Any CPU.Build.0 = Debug|Any CPU
		{078CD9FA-485B-4152-9C87-296636DF3716}.Release|Any CPU.ActiveCfg = Release|Any CPU
		{078CD9FA-485B-4152-9C87-296636DF3716}.Release|Any CPU.Build.0 = Release|Any CPU
		{A813A963-EAD3-49A0-9483-0CD503E2B89B}.Debug|Any CPU.ActiveCfg = Debug|Any CPU
		{A813A963-EAD3-49A0-9483-0CD503E2B89B}.Debug|Any CPU.Build.0 = Debug|Any CPU
		{A813A963-EAD3-49A0-9483-0CD503E2B89B}.Release|Any CPU.ActiveCfg = Release|Any CPU
		{A813A963-EAD3-49A0-9483-0CD503E2B89B}.Release|Any CPU.Build.0 = Release|Any CPU
		{F5A95F9D-C6F1-4C14-B805-58E2B40DE93A}.Debug|Any CPU.ActiveCfg = Debug|Any CPU
		{F5A95F9D-C6F1-4C14-B805-58E2B40DE93A}.Debug|Any CPU.Build.0 = Debug|Any CPU
		{F5A95F9D-C6F1-4C14-B805-58E2B40DE93A}.Release|Any CPU.ActiveCfg = Release|Any CPU
		{F5A95F9D-C6F1-4C14-B805-58E2B40DE93A}.Release|Any CPU.Build.0 = Release|Any CPU
	EndGlobalSection
	GlobalSection(SolutionProperties) = preSolution
		HideSolutionNode = FALSE
	EndGlobalSection
	GlobalSection(ExtensibilityGlobals) = postSolution
		SolutionGuid = {BA574B6E-D1C9-4CF9-912F-CEB3B2AD3958}
	EndGlobalSection
EndGlobal
